{
  "name": "@numart/house-admin-contracts",
  "version": "0.0.2",
  "lockfileVersion": 3,
  "requires": true,
  "packages": {
    "": {
      "name": "@numart/house-admin-contracts",
      "version": "0.0.2",
      "license": "ISC",
      "dependencies": {
        "@numart/house-admin-contracts": "^0.0.2",
        "zod": "^3.22.4"
      }
    },
    "node_modules/@numart/house-admin-contracts": {
      "version": "0.0.2",
      "resolved": "https://registry.npmjs.org/@numart/house-admin-contracts/-/house-admin-contracts-0.0.2.tgz",
      "integrity": "sha512-291xcZDXvbvulZrN1RLS7477YChfju69Q4LIOiDxvBAOcJKG8OUyjGkZY3rNiAM3IUcUsHcMRSh1eSDXhQC7Xw==",
      "license": "ISC",
      "dependencies": {
        "zod": "^3.22.4"
      }
    },
    "node_modules/zod": {
      "version": "3.23.8",
      "resolved": "https://registry.npmjs.org/zod/-/zod-3.23.8.tgz",
      "integrity": "sha512-XBx9AXhXktjUqnepgTiE5flcKIYWi/rme0Eaj+5Y0lftuGBq+jyRu/md4WnuxqgP1ubdpNCsYEYPxrzVHD8d6g==",
      "funding": {
        "url": "https://github.com/sponsors/colinhacks"
      }
    }
  }
}
